// !$*UTF8*$!
{
	archiveVersion = 1;
	classes = {
	};
	objectVersion = 53;
	objects = {

/* Begin PBXBuildFile section */
		8714AC7D1E9803410069A8F1 /* earth-bump.png in Resources */ = {isa = PBXBuildFile; fileRef = 8714AC791E9803410069A8F1 /* earth-bump.png */; };
		8714AC811E98034B0069A8F1 /* earth-bump.png in Resources */ = {isa = PBXBuildFile; fileRef = 8714AC791E9803410069A8F1 /* earth-bump.png */; };
		877FBC9D1E9D784200407209 /* AppDelegate.swift in Sources */ = {isa = PBXBuildFile; fileRef = 877FBC9C1E9D784200407209 /* AppDelegate.swift */; };
		877FBC9F1E9D784200407209 /* ViewController.swift in Sources */ = {isa = PBXBuildFile; fileRef = 877FBC9E1E9D784200407209 /* ViewController.swift */; };
		877FBCA21E9D784200407209 /* Main.storyboard in Resources */ = {isa = PBXBuildFile; fileRef = 877FBCA01E9D784200407209 /* Main.storyboard */; };
		877FBCA41E9D784200407209 /* Assets.xcassets in Resources */ = {isa = PBXBuildFile; fileRef = 877FBCA31E9D784200407209 /* Assets.xcassets */; };
		877FBCA91E9D789900407209 /* SwiftGlobe.swift in Sources */ = {isa = PBXBuildFile; fileRef = 87B247FD1E96D5F700A2EAA7 /* SwiftGlobe.swift */; };
		877FBCAA1E9D79AA00407209 /* whiteGlow-32x32.png in Resources */ = {isa = PBXBuildFile; fileRef = 87B2481B1E97112200A2EAA7 /* whiteGlow-32x32.png */; };
		877FBCAB1E9D79AA00407209 /* yellowGlow-32x32.png in Resources */ = {isa = PBXBuildFile; fileRef = 87B2481E1E9711E600A2EAA7 /* yellowGlow-32x32.png */; };
		877FBCAC1E9D79AA00407209 /* earth-bump.png in Resources */ = {isa = PBXBuildFile; fileRef = 8714AC791E9803410069A8F1 /* earth-bump.png */; };
		877FBCB21E9D79AA00407209 /* earth-specular.jpg in Resources */ = {isa = PBXBuildFile; fileRef = 87B247C51E96C75D00A2EAA7 /* earth-specular.jpg */; };
		87A3DA9D2450DC7700D772B9 /* metalness.png in Resources */ = {isa = PBXBuildFile; fileRef = 87A3DA9B2450DC7700D772B9 /* metalness.png */; };
		87A3DA9E2450DC7700D772B9 /* metalness.png in Resources */ = {isa = PBXBuildFile; fileRef = 87A3DA9B2450DC7700D772B9 /* metalness.png */; };
		87A3DA9F2450DC7700D772B9 /* metalness.png in Resources */ = {isa = PBXBuildFile; fileRef = 87A3DA9B2450DC7700D772B9 /* metalness.png */; };
		87A3DAA02450DC7700D772B9 /* metalness.png in Resources */ = {isa = PBXBuildFile; fileRef = 87A3DA9B2450DC7700D772B9 /* metalness.png */; };
		87A3DAA12450DC7700D772B9 /* roughness.png in Resources */ = {isa = PBXBuildFile; fileRef = 87A3DA9C2450DC7700D772B9 /* roughness.png */; };
		87A3DAA22450DC7700D772B9 /* roughness.png in Resources */ = {isa = PBXBuildFile; fileRef = 87A3DA9C2450DC7700D772B9 /* roughness.png */; };
		87A3DAA32450DC7700D772B9 /* roughness.png in Resources */ = {isa = PBXBuildFile; fileRef = 87A3DA9C2450DC7700D772B9 /* roughness.png */; };
		87A3DAA42450DC7700D772B9 /* roughness.png in Resources */ = {isa = PBXBuildFile; fileRef = 87A3DA9C2450DC7700D772B9 /* roughness.png */; };
		87A3DAA72450DCFE00D772B9 /* world-large.jpg in Resources */ = {isa = PBXBuildFile; fileRef = 87A3DAA52450DCFD00D772B9 /* world-large.jpg */; };
		87A3DAA82450DCFE00D772B9 /* world-large.jpg in Resources */ = {isa = PBXBuildFile; fileRef = 87A3DAA52450DCFD00D772B9 /* world-large.jpg */; };
		87A3DAA92450DCFE00D772B9 /* world-large.jpg in Resources */ = {isa = PBXBuildFile; fileRef = 87A3DAA52450DCFD00D772B9 /* world-large.jpg */; };
		87A3DAAA2450DCFE00D772B9 /* world-large.jpg in Resources */ = {isa = PBXBuildFile; fileRef = 87A3DAA52450DCFD00D772B9 /* world-large.jpg */; };
		87A3DAAB2450DCFE00D772B9 /* world-ultra.jpg in Resources */ = {isa = PBXBuildFile; fileRef = 87A3DAA62450DCFD00D772B9 /* world-ultra.jpg */; };
		87A3DAAC2450DCFE00D772B9 /* world-ultra.jpg in Resources */ = {isa = PBXBuildFile; fileRef = 87A3DAA62450DCFD00D772B9 /* world-ultra.jpg */; };
		87A3DAAD2450DCFE00D772B9 /* world-ultra.jpg in Resources */ = {isa = PBXBuildFile; fileRef = 87A3DAA62450DCFD00D772B9 /* world-ultra.jpg */; };
		87A3DAAE2450DCFE00D772B9 /* world-ultra.jpg in Resources */ = {isa = PBXBuildFile; fileRef = 87A3DAA62450DCFD00D772B9 /* world-ultra.jpg */; };
		87ACA57B1EC3BEA9002C6964 /* eso0932a_back.png in Resources */ = {isa = PBXBuildFile; fileRef = 87ACA5751EC3BEA9002C6964 /* eso0932a_back.png */; };
		87ACA57C1EC3BEA9002C6964 /* eso0932a_back.png in Resources */ = {isa = PBXBuildFile; fileRef = 87ACA5751EC3BEA9002C6964 /* eso0932a_back.png */; };
		87ACA57D1EC3BEA9002C6964 /* eso0932a_back.png in Resources */ = {isa = PBXBuildFile; fileRef = 87ACA5751EC3BEA9002C6964 /* eso0932a_back.png */; };
		87ACA57E1EC3BEA9002C6964 /* eso0932a_bottom.png in Resources */ = {isa = PBXBuildFile; fileRef = 87ACA5761EC3BEA9002C6964 /* eso0932a_bottom.png */; };
		87ACA57F1EC3BEA9002C6964 /* eso0932a_bottom.png in Resources */ = {isa = PBXBuildFile; fileRef = 87ACA5761EC3BEA9002C6964 /* eso0932a_bottom.png */; };
		87ACA5801EC3BEA9002C6964 /* eso0932a_bottom.png in Resources */ = {isa = PBXBuildFile; fileRef = 87ACA5761EC3BEA9002C6964 /* eso0932a_bottom.png */; };
		87ACA5811EC3BEA9002C6964 /* eso0932a_front.png in Resources */ = {isa = PBXBuildFile; fileRef = 87ACA5771EC3BEA9002C6964 /* eso0932a_front.png */; };
		87ACA5821EC3BEA9002C6964 /* eso0932a_front.png in Resources */ = {isa = PBXBuildFile; fileRef = 87ACA5771EC3BEA9002C6964 /* eso0932a_front.png */; };
		87ACA5831EC3BEA9002C6964 /* eso0932a_front.png in Resources */ = {isa = PBXBuildFile; fileRef = 87ACA5771EC3BEA9002C6964 /* eso0932a_front.png */; };
		87ACA5841EC3BEA9002C6964 /* eso0932a_left.png in Resources */ = {isa = PBXBuildFile; fileRef = 87ACA5781EC3BEA9002C6964 /* eso0932a_left.png */; };
		87ACA5851EC3BEA9002C6964 /* eso0932a_left.png in Resources */ = {isa = PBXBuildFile; fileRef = 87ACA5781EC3BEA9002C6964 /* eso0932a_left.png */; };
		87ACA5861EC3BEA9002C6964 /* eso0932a_left.png in Resources */ = {isa = PBXBuildFile; fileRef = 87ACA5781EC3BEA9002C6964 /* eso0932a_left.png */; };
		87ACA5871EC3BEA9002C6964 /* eso0932a_right.png in Resources */ = {isa = PBXBuildFile; fileRef = 87ACA5791EC3BEA9002C6964 /* eso0932a_right.png */; };
		87ACA5881EC3BEA9002C6964 /* eso0932a_right.png in Resources */ = {isa = PBXBuildFile; fileRef = 87ACA5791EC3BEA9002C6964 /* eso0932a_right.png */; };
		87ACA5891EC3BEA9002C6964 /* eso0932a_right.png in Resources */ = {isa = PBXBuildFile; fileRef = 87ACA5791EC3BEA9002C6964 /* eso0932a_right.png */; };
		87ACA58A1EC3BEA9002C6964 /* eso0932a_top.png in Resources */ = {isa = PBXBuildFile; fileRef = 87ACA57A1EC3BEA9002C6964 /* eso0932a_top.png */; };
		87ACA58B1EC3BEA9002C6964 /* eso0932a_top.png in Resources */ = {isa = PBXBuildFile; fileRef = 87ACA57A1EC3BEA9002C6964 /* eso0932a_top.png */; };
		87ACA58C1EC3BEA9002C6964 /* eso0932a_top.png in Resources */ = {isa = PBXBuildFile; fileRef = 87ACA57A1EC3BEA9002C6964 /* eso0932a_top.png */; };
		87AEE2982A327577000F4A34 /* SwiftGlobe-Watch Watch App.app in Embed Watch Content */ = {isa = PBXBuildFile; fileRef = 87AEE2972A327577000F4A34 /* SwiftGlobe-Watch Watch App.app */; settings = {ATTRIBUTES = (RemoveHeadersOnCopy, ); }; };
		87AEE29D2A327577000F4A34 /* SwiftGlobe_WatchApp.swift in Sources */ = {isa = PBXBuildFile; fileRef = 87AEE29C2A327577000F4A34 /* SwiftGlobe_WatchApp.swift */; };
		87AEE29F2A327577000F4A34 /* ContentView.swift in Sources */ = {isa = PBXBuildFile; fileRef = 87AEE29E2A327577000F4A34 /* ContentView.swift */; };
		87AEE2A12A327578000F4A34 /* Assets.xcassets in Resources */ = {isa = PBXBuildFile; fileRef = 87AEE2A02A327578000F4A34 /* Assets.xcassets */; };
		87AEE2A42A327578000F4A34 /* Preview Assets.xcassets in Resources */ = {isa = PBXBuildFile; fileRef = 87AEE2A32A327578000F4A34 /* Preview Assets.xcassets */; };
		87AEE2AC2A32762F000F4A34 /* SwiftGlobe.swift in Sources */ = {isa = PBXBuildFile; fileRef = 87B247FD1E96D5F700A2EAA7 /* SwiftGlobe.swift */; };
		87AEE2AD2A327645000F4A34 /* GlowingMarker.swift in Sources */ = {isa = PBXBuildFile; fileRef = 87E736F1244F4C2D00E7BC0F /* GlowingMarker.swift */; };
		87AEE2AE2A3277A4000F4A34 /* roughness.png in Resources */ = {isa = PBXBuildFile; fileRef = 87A3DABB2450DDE300D772B9 /* roughness.png */; };
		87AEE2AF2A3277A4000F4A34 /* eso0932a_front.png in Resources */ = {isa = PBXBuildFile; fileRef = 87A3DAB72450DDE300D772B9 /* eso0932a_front.png */; };
		87AEE2B02A3277A4000F4A34 /* metalness.png in Resources */ = {isa = PBXBuildFile; fileRef = 87A3DAB32450DDE300D772B9 /* metalness.png */; };
		87AEE2B12A3277A4000F4A34 /* eso0932a_back.png in Resources */ = {isa = PBXBuildFile; fileRef = 87A3DAB52450DDE300D772B9 /* eso0932a_back.png */; };
		87AEE2B22A3277A4000F4A34 /* world-ultra.jpg in Resources */ = {isa = PBXBuildFile; fileRef = 87A3DAB82450DDE300D772B9 /* world-ultra.jpg */; };
		87AEE2B32A3277A4000F4A34 /* eso0932a_right.png in Resources */ = {isa = PBXBuildFile; fileRef = 87A3DAB62450DDE300D772B9 /* eso0932a_right.png */; };
		87AEE2B42A3277A4000F4A34 /* eso0932a_left.png in Resources */ = {isa = PBXBuildFile; fileRef = 87A3DAB02450DDE300D772B9 /* eso0932a_left.png */; };
		87AEE2B52A3277A4000F4A34 /* eso0932a_top.png in Resources */ = {isa = PBXBuildFile; fileRef = 87A3DABA2450DDE300D772B9 /* eso0932a_top.png */; };
		87AEE2B62A3277A4000F4A34 /* earth-emissive.jpg in Resources */ = {isa = PBXBuildFile; fileRef = 87A3DAB92450DDE300D772B9 /* earth-emissive.jpg */; };
		87AEE2B72A3277A4000F4A34 /* eso0932a_bottom.png in Resources */ = {isa = PBXBuildFile; fileRef = 87A3DABC2450DDE300D772B9 /* eso0932a_bottom.png */; };
		87AEE2B82A3277A4000F4A34 /* earth-bump.png in Resources */ = {isa = PBXBuildFile; fileRef = 87A3DAB42450DDE300D772B9 /* earth-bump.png */; };
		87AEE2B92A3277A4000F4A34 /* world-large.jpg in Resources */ = {isa = PBXBuildFile; fileRef = 87A3DAB12450DDE300D772B9 /* world-large.jpg */; };
		87AEE2BA2A3277A4000F4A34 /* earth-specular.jpg in Resources */ = {isa = PBXBuildFile; fileRef = 87A3DAB22450DDE300D772B9 /* earth-specular.jpg */; };
		87B247931E96C20B00A2EAA7 /* AppDelegate.swift in Sources */ = {isa = PBXBuildFile; fileRef = 87B247921E96C20B00A2EAA7 /* AppDelegate.swift */; };
		87B247951E96C20B00A2EAA7 /* ViewController.swift in Sources */ = {isa = PBXBuildFile; fileRef = 87B247941E96C20B00A2EAA7 /* ViewController.swift */; };
		87B247981E96C20B00A2EAA7 /* Main.storyboard in Resources */ = {isa = PBXBuildFile; fileRef = 87B247961E96C20B00A2EAA7 /* Main.storyboard */; };
		87B2479A1E96C20B00A2EAA7 /* Assets.xcassets in Resources */ = {isa = PBXBuildFile; fileRef = 87B247991E96C20B00A2EAA7 /* Assets.xcassets */; };
		87B2479D1E96C20B00A2EAA7 /* LaunchScreen.storyboard in Resources */ = {isa = PBXBuildFile; fileRef = 87B2479B1E96C20B00A2EAA7 /* LaunchScreen.storyboard */; };
		87B247C91E96C75D00A2EAA7 /* earth-specular.jpg in Resources */ = {isa = PBXBuildFile; fileRef = 87B247C51E96C75D00A2EAA7 /* earth-specular.jpg */; };
		87B247D21E96D56F00A2EAA7 /* AppDelegate.swift in Sources */ = {isa = PBXBuildFile; fileRef = 87B247D11E96D56F00A2EAA7 /* AppDelegate.swift */; };
		87B247D41E96D56F00A2EAA7 /* ViewController.swift in Sources */ = {isa = PBXBuildFile; fileRef = 87B247D31E96D56F00A2EAA7 /* ViewController.swift */; };
		87B247D61E96D56F00A2EAA7 /* Assets.xcassets in Resources */ = {isa = PBXBuildFile; fileRef = 87B247D51E96D56F00A2EAA7 /* Assets.xcassets */; };
		87B247D91E96D56F00A2EAA7 /* Main.storyboard in Resources */ = {isa = PBXBuildFile; fileRef = 87B247D71E96D56F00A2EAA7 /* Main.storyboard */; };
		87B247FB1E96D5D700A2EAA7 /* earth-specular.jpg in Resources */ = {isa = PBXBuildFile; fileRef = 87B247C51E96C75D00A2EAA7 /* earth-specular.jpg */; };
		87B247FE1E96D5F700A2EAA7 /* SwiftGlobe.swift in Sources */ = {isa = PBXBuildFile; fileRef = 87B247FD1E96D5F700A2EAA7 /* SwiftGlobe.swift */; };
		87B247FF1E96D67900A2EAA7 /* SwiftGlobe.swift in Sources */ = {isa = PBXBuildFile; fileRef = 87B247FD1E96D5F700A2EAA7 /* SwiftGlobe.swift */; };
		87B2481C1E97112200A2EAA7 /* whiteGlow-32x32.png in Resources */ = {isa = PBXBuildFile; fileRef = 87B2481B1E97112200A2EAA7 /* whiteGlow-32x32.png */; };
		87B2481D1E97112200A2EAA7 /* whiteGlow-32x32.png in Resources */ = {isa = PBXBuildFile; fileRef = 87B2481B1E97112200A2EAA7 /* whiteGlow-32x32.png */; };
		87B2481F1E9711E600A2EAA7 /* yellowGlow-32x32.png in Resources */ = {isa = PBXBuildFile; fileRef = 87B2481E1E9711E600A2EAA7 /* yellowGlow-32x32.png */; };
		87B248201E9711E600A2EAA7 /* yellowGlow-32x32.png in Resources */ = {isa = PBXBuildFile; fileRef = 87B2481E1E9711E600A2EAA7 /* yellowGlow-32x32.png */; };
		87E736F2244F4C2D00E7BC0F /* GlowingMarker.swift in Sources */ = {isa = PBXBuildFile; fileRef = 87E736F1244F4C2D00E7BC0F /* GlowingMarker.swift */; };
		87E736F3244F4C2D00E7BC0F /* GlowingMarker.swift in Sources */ = {isa = PBXBuildFile; fileRef = 87E736F1244F4C2D00E7BC0F /* GlowingMarker.swift */; };
		87E736F4244F4C2D00E7BC0F /* GlowingMarker.swift in Sources */ = {isa = PBXBuildFile; fileRef = 87E736F1244F4C2D00E7BC0F /* GlowingMarker.swift */; };
		87E736F6244F528700E7BC0F /* SwiftGlobe+DemoMarkers.swift in Sources */ = {isa = PBXBuildFile; fileRef = 87E736F5244F528700E7BC0F /* SwiftGlobe+DemoMarkers.swift */; };
		87E736F7244F528700E7BC0F /* SwiftGlobe+DemoMarkers.swift in Sources */ = {isa = PBXBuildFile; fileRef = 87E736F5244F528700E7BC0F /* SwiftGlobe+DemoMarkers.swift */; };
		87E736F8244F528700E7BC0F /* SwiftGlobe+DemoMarkers.swift in Sources */ = {isa = PBXBuildFile; fileRef = 87E736F5244F528700E7BC0F /* SwiftGlobe+DemoMarkers.swift */; };
		87E7370E244F83E500E7BC0F /* earth-emissive.jpg in Resources */ = {isa = PBXBuildFile; fileRef = 87E7370D244F83E500E7BC0F /* earth-emissive.jpg */; };
		87E7370F244F83E500E7BC0F /* earth-emissive.jpg in Resources */ = {isa = PBXBuildFile; fileRef = 87E7370D244F83E500E7BC0F /* earth-emissive.jpg */; };
		87E73710244F83E500E7BC0F /* earth-emissive.jpg in Resources */ = {isa = PBXBuildFile; fileRef = 87E7370D244F83E500E7BC0F /* earth-emissive.jpg */; };
		87E73741244FAC9000E7BC0F /* AppDelegate.swift in Sources */ = {isa = PBXBuildFile; fileRef = 87E73740244FAC9000E7BC0F /* AppDelegate.swift */; };
		87E73743244FAC9000E7BC0F /* art.scnassets in Resources */ = {isa = PBXBuildFile; fileRef = 87E73742244FAC9000E7BC0F /* art.scnassets */; };
		87E73745244FAC9000E7BC0F /* ViewController.swift in Sources */ = {isa = PBXBuildFile; fileRef = 87E73744244FAC9000E7BC0F /* ViewController.swift */; };
		87E73748244FAC9000E7BC0F /* Main.storyboard in Resources */ = {isa = PBXBuildFile; fileRef = 87E73746244FAC9000E7BC0F /* Main.storyboard */; };
		87E7374A244FAC9400E7BC0F /* Assets.xcassets in Resources */ = {isa = PBXBuildFile; fileRef = 87E73749244FAC9400E7BC0F /* Assets.xcassets */; };
		87E7374D244FAC9400E7BC0F /* LaunchScreen.storyboard in Resources */ = {isa = PBXBuildFile; fileRef = 87E7374B244FAC9400E7BC0F /* LaunchScreen.storyboard */; };
		87E73752244FAD0500E7BC0F /* whiteGlow-32x32.png in Resources */ = {isa = PBXBuildFile; fileRef = 87B2481B1E97112200A2EAA7 /* whiteGlow-32x32.png */; };
		87E73753244FAD0500E7BC0F /* yellowGlow-32x32.png in Resources */ = {isa = PBXBuildFile; fileRef = 87B2481E1E9711E600A2EAA7 /* yellowGlow-32x32.png */; };
		87E73754244FAD0500E7BC0F /* earth-bump.png in Resources */ = {isa = PBXBuildFile; fileRef = 8714AC791E9803410069A8F1 /* earth-bump.png */; };
		87E73756244FAD0500E7BC0F /* earth-emissive.jpg in Resources */ = {isa = PBXBuildFile; fileRef = 87E7370D244F83E500E7BC0F /* earth-emissive.jpg */; };
		87E73759244FAD0500E7BC0F /* eso0932a_back.png in Resources */ = {isa = PBXBuildFile; fileRef = 87ACA5751EC3BEA9002C6964 /* eso0932a_back.png */; };
		87E7375A244FAD0500E7BC0F /* eso0932a_bottom.png in Resources */ = {isa = PBXBuildFile; fileRef = 87ACA5761EC3BEA9002C6964 /* eso0932a_bottom.png */; };
		87E7375B244FAD0500E7BC0F /* eso0932a_front.png in Resources */ = {isa = PBXBuildFile; fileRef = 87ACA5771EC3BEA9002C6964 /* eso0932a_front.png */; };
		87E7375C244FAD0500E7BC0F /* eso0932a_left.png in Resources */ = {isa = PBXBuildFile; fileRef = 87ACA5781EC3BEA9002C6964 /* eso0932a_left.png */; };
		87E7375D244FAD0500E7BC0F /* eso0932a_right.png in Resources */ = {isa = PBXBuildFile; fileRef = 87ACA5791EC3BEA9002C6964 /* eso0932a_right.png */; };
		87E7375E244FAD0500E7BC0F /* eso0932a_top.png in Resources */ = {isa = PBXBuildFile; fileRef = 87ACA57A1EC3BEA9002C6964 /* eso0932a_top.png */; };
		87E7375F244FAD0500E7BC0F /* earth-specular.jpg in Resources */ = {isa = PBXBuildFile; fileRef = 87B247C51E96C75D00A2EAA7 /* earth-specular.jpg */; };
		87E73760244FAF3A00E7BC0F /* SwiftGlobe.swift in Sources */ = {isa = PBXBuildFile; fileRef = 87B247FD1E96D5F700A2EAA7 /* SwiftGlobe.swift */; };
		87E73761244FAF3A00E7BC0F /* SwiftGlobe+DemoMarkers.swift in Sources */ = {isa = PBXBuildFile; fileRef = 87E736F5244F528700E7BC0F /* SwiftGlobe+DemoMarkers.swift */; };
		87E73762244FAF3A00E7BC0F /* GlowingMarker.swift in Sources */ = {isa = PBXBuildFile; fileRef = 87E736F1244F4C2D00E7BC0F /* GlowingMarker.swift */; };
/* End PBXBuildFile section */

/* Begin PBXContainerItemProxy section */
		87AEE2992A327577000F4A34 /* PBXContainerItemProxy */ = {
			isa = PBXContainerItemProxy;
			containerPortal = 87B247871E96C20B00A2EAA7 /* Project object */;
			proxyType = 1;
			remoteGlobalIDString = 87AEE2962A327577000F4A34;
			remoteInfo = "SwiftGlobe-Watch Watch App";
		};
/* End PBXContainerItemProxy section */

/* Begin PBXCopyFilesBuildPhase section */
		87AEE2A82A327578000F4A34 /* Embed Watch Content */ = {
			isa = PBXCopyFilesBuildPhase;
			buildActionMask = 2147483647;
			dstPath = "$(CONTENTS_FOLDER_PATH)/Watch";
			dstSubfolderSpec = 16;
			files = (
				87AEE2982A327577000F4A34 /* SwiftGlobe-Watch Watch App.app in Embed Watch Content */,
			);
			name = "Embed Watch Content";
			runOnlyForDeploymentPostprocessing = 0;
		};
/* End PBXCopyFilesBuildPhase section */

/* Begin PBXFileReference section */
		8714AC791E9803410069A8F1 /* earth-bump.png */ = {isa = PBXFileReference; lastKnownFileType = image.png; path = "earth-bump.png"; sourceTree = "<group>"; };
		877FBC9A1E9D784200407209 /* SwiftGlobe-tvOS.app */ = {isa = PBXFileReference; explicitFileType = wrapper.application; includeInIndex = 0; path = "SwiftGlobe-tvOS.app"; sourceTree = BUILT_PRODUCTS_DIR; };
		877FBC9C1E9D784200407209 /* AppDelegate.swift */ = {isa = PBXFileReference; lastKnownFileType = sourcecode.swift; path = AppDelegate.swift; sourceTree = "<group>"; };
		877FBC9E1E9D784200407209 /* ViewController.swift */ = {isa = PBXFileReference; lastKnownFileType = sourcecode.swift; path = ViewController.swift; sourceTree = "<group>"; };
		877FBCA11E9D784200407209 /* Base */ = {isa = PBXFileReference; lastKnownFileType = file.storyboard; name = Base; path = Base.lproj/Main.storyboard; sourceTree = "<group>"; };
		877FBCA31E9D784200407209 /* Assets.xcassets */ = {isa = PBXFileReference; lastKnownFileType = folder.assetcatalog; path = Assets.xcassets; sourceTree = "<group>"; };
		877FBCA51E9D784200407209 /* Info.plist */ = {isa = PBXFileReference; lastKnownFileType = text.plist.xml; path = Info.plist; sourceTree = "<group>"; };
		87A3DA9B2450DC7700D772B9 /* metalness.png */ = {isa = PBXFileReference; lastKnownFileType = image.png; path = metalness.png; sourceTree = "<group>"; };
		87A3DA9C2450DC7700D772B9 /* roughness.png */ = {isa = PBXFileReference; lastKnownFileType = image.png; path = roughness.png; sourceTree = "<group>"; };
		87A3DAA52450DCFD00D772B9 /* world-large.jpg */ = {isa = PBXFileReference; lastKnownFileType = image.jpeg; path = "world-large.jpg"; sourceTree = "<group>"; };
		87A3DAA62450DCFD00D772B9 /* world-ultra.jpg */ = {isa = PBXFileReference; lastKnownFileType = image.jpeg; path = "world-ultra.jpg"; sourceTree = "<group>"; };
		87A3DAB02450DDE300D772B9 /* eso0932a_left.png */ = {isa = PBXFileReference; lastKnownFileType = image.png; path = eso0932a_left.png; sourceTree = "<group>"; };
		87A3DAB12450DDE300D772B9 /* world-large.jpg */ = {isa = PBXFileReference; lastKnownFileType = image.jpeg; path = "world-large.jpg"; sourceTree = "<group>"; };
		87A3DAB22450DDE300D772B9 /* earth-specular.jpg */ = {isa = PBXFileReference; lastKnownFileType = image.jpeg; path = "earth-specular.jpg"; sourceTree = "<group>"; };
		87A3DAB32450DDE300D772B9 /* metalness.png */ = {isa = PBXFileReference; lastKnownFileType = image.png; path = metalness.png; sourceTree = "<group>"; };
		87A3DAB42450DDE300D772B9 /* earth-bump.png */ = {isa = PBXFileReference; lastKnownFileType = image.png; path = "earth-bump.png"; sourceTree = "<group>"; };
		87A3DAB52450DDE300D772B9 /* eso0932a_back.png */ = {isa = PBXFileReference; lastKnownFileType = image.png; path = eso0932a_back.png; sourceTree = "<group>"; };
		87A3DAB62450DDE300D772B9 /* eso0932a_right.png */ = {isa = PBXFileReference; lastKnownFileType = image.png; path = eso0932a_right.png; sourceTree = "<group>"; };
		87A3DAB72450DDE300D772B9 /* eso0932a_front.png */ = {isa = PBXFileReference; lastKnownFileType = image.png; path = eso0932a_front.png; sourceTree = "<group>"; };
		87A3DAB82450DDE300D772B9 /* world-ultra.jpg */ = {isa = PBXFileReference; lastKnownFileType = image.jpeg; path = "world-ultra.jpg"; sourceTree = "<group>"; };
		87A3DAB92450DDE300D772B9 /* earth-emissive.jpg */ = {isa = PBXFileReference; lastKnownFileType = image.jpeg; path = "earth-emissive.jpg"; sourceTree = "<group>"; };
		87A3DABA2450DDE300D772B9 /* eso0932a_top.png */ = {isa = PBXFileReference; lastKnownFileType = image.png; path = eso0932a_top.png; sourceTree = "<group>"; };
		87A3DABB2450DDE300D772B9 /* roughness.png */ = {isa = PBXFileReference; lastKnownFileType = image.png; path = roughness.png; sourceTree = "<group>"; };
		87A3DABC2450DDE300D772B9 /* eso0932a_bottom.png */ = {isa = PBXFileReference; lastKnownFileType = image.png; path = eso0932a_bottom.png; sourceTree = "<group>"; };
		87ACA5751EC3BEA9002C6964 /* eso0932a_back.png */ = {isa = PBXFileReference; lastKnownFileType = image.png; path = eso0932a_back.png; sourceTree = "<group>"; };
		87ACA5761EC3BEA9002C6964 /* eso0932a_bottom.png */ = {isa = PBXFileReference; lastKnownFileType = image.png; path = eso0932a_bottom.png; sourceTree = "<group>"; };
		87ACA5771EC3BEA9002C6964 /* eso0932a_front.png */ = {isa = PBXFileReference; lastKnownFileType = image.png; path = eso0932a_front.png; sourceTree = "<group>"; };
		87ACA5781EC3BEA9002C6964 /* eso0932a_left.png */ = {isa = PBXFileReference; lastKnownFileType = image.png; path = eso0932a_left.png; sourceTree = "<group>"; };
		87ACA5791EC3BEA9002C6964 /* eso0932a_right.png */ = {isa = PBXFileReference; lastKnownFileType = image.png; path = eso0932a_right.png; sourceTree = "<group>"; };
		87ACA57A1EC3BEA9002C6964 /* eso0932a_top.png */ = {isa = PBXFileReference; lastKnownFileType = image.png; path = eso0932a_top.png; sourceTree = "<group>"; };
		87AEE2922A327576000F4A34 /* SwiftGlobe-Watch.app */ = {isa = PBXFileReference; explicitFileType = wrapper.application; includeInIndex = 0; path = "SwiftGlobe-Watch.app"; sourceTree = BUILT_PRODUCTS_DIR; };
		87AEE2972A327577000F4A34 /* SwiftGlobe-Watch Watch App.app */ = {isa = PBXFileReference; explicitFileType = wrapper.application; includeInIndex = 0; path = "SwiftGlobe-Watch Watch App.app"; sourceTree = BUILT_PRODUCTS_DIR; };
		87AEE29C2A327577000F4A34 /* SwiftGlobe_WatchApp.swift */ = {isa = PBXFileReference; lastKnownFileType = sourcecode.swift; path = SwiftGlobe_WatchApp.swift; sourceTree = "<group>"; };
		87AEE29E2A327577000F4A34 /* ContentView.swift */ = {isa = PBXFileReference; lastKnownFileType = sourcecode.swift; path = ContentView.swift; sourceTree = "<group>"; };
		87AEE2A02A327578000F4A34 /* Assets.xcassets */ = {isa = PBXFileReference; lastKnownFileType = folder.assetcatalog; path = Assets.xcassets; sourceTree = "<group>"; };
		87AEE2A32A327578000F4A34 /* Preview Assets.xcassets */ = {isa = PBXFileReference; lastKnownFileType = folder.assetcatalog; path = "Preview Assets.xcassets"; sourceTree = "<group>"; };
		87B2478F1E96C20B00A2EAA7 /* SwiftGlobe-iOS.app */ = {isa = PBXFileReference; explicitFileType = wrapper.application; includeInIndex = 0; path = "SwiftGlobe-iOS.app"; sourceTree = BUILT_PRODUCTS_DIR; };
		87B247921E96C20B00A2EAA7 /* AppDelegate.swift */ = {isa = PBXFileReference; lastKnownFileType = sourcecode.swift; path = AppDelegate.swift; sourceTree = "<group>"; };
		87B247941E96C20B00A2EAA7 /* ViewController.swift */ = {isa = PBXFileReference; lastKnownFileType = sourcecode.swift; path = ViewController.swift; sourceTree = "<group>"; };
		87B247971E96C20B00A2EAA7 /* Base */ = {isa = PBXFileReference; lastKnownFileType = file.storyboard; name = Base; path = Base.lproj/Main.storyboard; sourceTree = "<group>"; };
		87B247991E96C20B00A2EAA7 /* Assets.xcassets */ = {isa = PBXFileReference; lastKnownFileType = folder.assetcatalog; path = Assets.xcassets; sourceTree = "<group>"; };
		87B2479C1E96C20B00A2EAA7 /* Base */ = {isa = PBXFileReference; lastKnownFileType = file.storyboard; name = Base; path = Base.lproj/LaunchScreen.storyboard; sourceTree = "<group>"; };
		87B2479E1E96C20B00A2EAA7 /* Info.plist */ = {isa = PBXFileReference; lastKnownFileType = text.plist.xml; path = Info.plist; sourceTree = "<group>"; };
		87B247C51E96C75D00A2EAA7 /* earth-specular.jpg */ = {isa = PBXFileReference; lastKnownFileType = image.jpeg; path = "earth-specular.jpg"; sourceTree = "<group>"; };
		87B247CF1E96D56F00A2EAA7 /* SwiftGlobe-MacOS.app */ = {isa = PBXFileReference; explicitFileType = wrapper.application; includeInIndex = 0; path = "SwiftGlobe-MacOS.app"; sourceTree = BUILT_PRODUCTS_DIR; };
		87B247D11E96D56F00A2EAA7 /* AppDelegate.swift */ = {isa = PBXFileReference; lastKnownFileType = sourcecode.swift; path = AppDelegate.swift; sourceTree = "<group>"; };
		87B247D31E96D56F00A2EAA7 /* ViewController.swift */ = {isa = PBXFileReference; lastKnownFileType = sourcecode.swift; path = ViewController.swift; sourceTree = "<group>"; };
		87B247D51E96D56F00A2EAA7 /* Assets.xcassets */ = {isa = PBXFileReference; lastKnownFileType = folder.assetcatalog; path = Assets.xcassets; sourceTree = "<group>"; };
		87B247D81E96D56F00A2EAA7 /* Base */ = {isa = PBXFileReference; lastKnownFileType = file.storyboard; name = Base; path = Base.lproj/Main.storyboard; sourceTree = "<group>"; };
		87B247DA1E96D56F00A2EAA7 /* Info.plist */ = {isa = PBXFileReference; lastKnownFileType = text.plist.xml; path = Info.plist; sourceTree = "<group>"; };
		87B247FD1E96D5F700A2EAA7 /* SwiftGlobe.swift */ = {isa = PBXFileReference; fileEncoding = 4; lastKnownFileType = sourcecode.swift; path = SwiftGlobe.swift; sourceTree = "<group>"; };
		87B2481B1E97112200A2EAA7 /* whiteGlow-32x32.png */ = {isa = PBXFileReference; lastKnownFileType = image.png; path = "whiteGlow-32x32.png"; sourceTree = "<group>"; };
		87B2481E1E9711E600A2EAA7 /* yellowGlow-32x32.png */ = {isa = PBXFileReference; lastKnownFileType = image.png; path = "yellowGlow-32x32.png"; sourceTree = "<group>"; };
		87E736F1244F4C2D00E7BC0F /* GlowingMarker.swift */ = {isa = PBXFileReference; lastKnownFileType = sourcecode.swift; path = GlowingMarker.swift; sourceTree = "<group>"; };
		87E736F5244F528700E7BC0F /* SwiftGlobe+DemoMarkers.swift */ = {isa = PBXFileReference; lastKnownFileType = sourcecode.swift; path = "SwiftGlobe+DemoMarkers.swift"; sourceTree = "<group>"; };
		87E7370D244F83E500E7BC0F /* earth-emissive.jpg */ = {isa = PBXFileReference; lastKnownFileType = image.jpeg; path = "earth-emissive.jpg"; sourceTree = "<group>"; };
		87E7373E244FAC9000E7BC0F /* SwiftGlobe-AR.app */ = {isa = PBXFileReference; explicitFileType = wrapper.application; includeInIndex = 0; path = "SwiftGlobe-AR.app"; sourceTree = BUILT_PRODUCTS_DIR; };
		87E73740244FAC9000E7BC0F /* AppDelegate.swift */ = {isa = PBXFileReference; lastKnownFileType = sourcecode.swift; path = AppDelegate.swift; sourceTree = "<group>"; };
		87E73742244FAC9000E7BC0F /* art.scnassets */ = {isa = PBXFileReference; lastKnownFileType = wrapper.scnassets; path = art.scnassets; sourceTree = "<group>"; };
		87E73744244FAC9000E7BC0F /* ViewController.swift */ = {isa = PBXFileReference; lastKnownFileType = sourcecode.swift; path = ViewController.swift; sourceTree = "<group>"; };
		87E73747244FAC9000E7BC0F /* Base */ = {isa = PBXFileReference; lastKnownFileType = file.storyboard; name = Base; path = Base.lproj/Main.storyboard; sourceTree = "<group>"; };
		87E73749244FAC9400E7BC0F /* Assets.xcassets */ = {isa = PBXFileReference; lastKnownFileType = folder.assetcatalog; path = Assets.xcassets; sourceTree = "<group>"; };
		87E7374C244FAC9400E7BC0F /* Base */ = {isa = PBXFileReference; lastKnownFileType = file.storyboard; name = Base; path = Base.lproj/LaunchScreen.storyboard; sourceTree = "<group>"; };
		87E7374E244FAC9400E7BC0F /* Info.plist */ = {isa = PBXFileReference; lastKnownFileType = text.plist.xml; path = Info.plist; sourceTree = "<group>"; };
		87E955CF1EC3897F007496A9 /* readme.md */ = {isa = PBXFileReference; lastKnownFileType = net.daringfireball.markdown; path = readme.md; sourceTree = "<group>"; };
/* End PBXFileReference section */

/* Begin PBXFrameworksBuildPhase section */
		877FBC971E9D784200407209 /* Frameworks */ = {
			isa = PBXFrameworksBuildPhase;
			buildActionMask = 2147483647;
			files = (
			);
			runOnlyForDeploymentPostprocessing = 0;
		};
		87AEE2942A327577000F4A34 /* Frameworks */ = {
			isa = PBXFrameworksBuildPhase;
			buildActionMask = 2147483647;
			files = (
			);
			runOnlyForDeploymentPostprocessing = 0;
		};
		87B2478C1E96C20B00A2EAA7 /* Frameworks */ = {
			isa = PBXFrameworksBuildPhase;
			buildActionMask = 2147483647;
			files = (
			);
			runOnlyForDeploymentPostprocessing = 0;
		};
		87B247CC1E96D56F00A2EAA7 /* Frameworks */ = {
			isa = PBXFrameworksBuildPhase;
			buildActionMask = 2147483647;
			files = (
			);
			runOnlyForDeploymentPostprocessing = 0;
		};
		87E7373B244FAC9000E7BC0F /* Frameworks */ = {
			isa = PBXFrameworksBuildPhase;
			buildActionMask = 2147483647;
			files = (
			);
			runOnlyForDeploymentPostprocessing = 0;
		};
/* End PBXFrameworksBuildPhase section */

/* Begin PBXGroup section */
		877FBC9B1E9D784200407209 /* SwiftGlobe-tvOS */ = {
			isa = PBXGroup;
			children = (
				877FBC9C1E9D784200407209 /* AppDelegate.swift */,
				877FBC9E1E9D784200407209 /* ViewController.swift */,
				877FBCA01E9D784200407209 /* Main.storyboard */,
				877FBCA31E9D784200407209 /* Assets.xcassets */,
				877FBCA51E9D784200407209 /* Info.plist */,
			);
			path = "SwiftGlobe-tvOS";
			sourceTree = "<group>";
		};
		87A3DAAF2450DDE300D772B9 /* earth-watch */ = {
			isa = PBXGroup;
			children = (
				87A3DAB02450DDE300D772B9 /* eso0932a_left.png */,
				87A3DAB12450DDE300D772B9 /* world-large.jpg */,
				87A3DAB22450DDE300D772B9 /* earth-specular.jpg */,
				87A3DAB32450DDE300D772B9 /* metalness.png */,
				87A3DAB42450DDE300D772B9 /* earth-bump.png */,
				87A3DAB52450DDE300D772B9 /* eso0932a_back.png */,
				87A3DAB62450DDE300D772B9 /* eso0932a_right.png */,
				87A3DAB72450DDE300D772B9 /* eso0932a_front.png */,
				87A3DAB82450DDE300D772B9 /* world-ultra.jpg */,
				87A3DAB92450DDE300D772B9 /* earth-emissive.jpg */,
				87A3DABA2450DDE300D772B9 /* eso0932a_top.png */,
				87A3DABB2450DDE300D772B9 /* roughness.png */,
				87A3DABC2450DDE300D772B9 /* eso0932a_bottom.png */,
			);
			path = "earth-watch";
			sourceTree = "<group>";
		};
		87AEE29B2A327577000F4A34 /* SwiftGlobe-Watch Watch App */ = {
			isa = PBXGroup;
			children = (
				87AEE29C2A327577000F4A34 /* SwiftGlobe_WatchApp.swift */,
				87AEE29E2A327577000F4A34 /* ContentView.swift */,
				87AEE2A02A327578000F4A34 /* Assets.xcassets */,
				87AEE2A22A327578000F4A34 /* Preview Content */,
			);
			path = "SwiftGlobe-Watch Watch App";
			sourceTree = "<group>";
		};
		87AEE2A22A327578000F4A34 /* Preview Content */ = {
			isa = PBXGroup;
			children = (
				87AEE2A32A327578000F4A34 /* Preview Assets.xcassets */,
			);
			path = "Preview Content";
			sourceTree = "<group>";
		};
		87B247861E96C20B00A2EAA7 = {
			isa = PBXGroup;
			children = (
				87E955CF1EC3897F007496A9 /* readme.md */,
				87E736F0244F4BD600E7BC0F /* src */,
				87B247911E96C20B00A2EAA7 /* SwiftGlobe-iOS */,
				87B247D01E96D56F00A2EAA7 /* SwiftGlobe-MacOS */,
				877FBC9B1E9D784200407209 /* SwiftGlobe-tvOS */,
				87E7373F244FAC9000E7BC0F /* SwiftGlobe-AR */,
				87AEE29B2A327577000F4A34 /* SwiftGlobe-Watch Watch App */,
				87B247901E96C20B00A2EAA7 /* Products */,
			);
			sourceTree = "<group>";
		};
		87B247901E96C20B00A2EAA7 /* Products */ = {
			isa = PBXGroup;
			children = (
				87B2478F1E96C20B00A2EAA7 /* SwiftGlobe-iOS.app */,
				87B247CF1E96D56F00A2EAA7 /* SwiftGlobe-MacOS.app */,
				877FBC9A1E9D784200407209 /* SwiftGlobe-tvOS.app */,
				87E7373E244FAC9000E7BC0F /* SwiftGlobe-AR.app */,
				87AEE2922A327576000F4A34 /* SwiftGlobe-Watch.app */,
				87AEE2972A327577000F4A34 /* SwiftGlobe-Watch Watch App.app */,
			);
			name = Products;
			sourceTree = "<group>";
		};
		87B247911E96C20B00A2EAA7 /* SwiftGlobe-iOS */ = {
			isa = PBXGroup;
			children = (
				87B247921E96C20B00A2EAA7 /* AppDelegate.swift */,
				87B247941E96C20B00A2EAA7 /* ViewController.swift */,
				87B247961E96C20B00A2EAA7 /* Main.storyboard */,
				87B247991E96C20B00A2EAA7 /* Assets.xcassets */,
				87B2479B1E96C20B00A2EAA7 /* LaunchScreen.storyboard */,
				87B2479E1E96C20B00A2EAA7 /* Info.plist */,
			);
			path = "SwiftGlobe-iOS";
			sourceTree = "<group>";
		};
		87B247C01E96C75D00A2EAA7 /* Resources */ = {
			isa = PBXGroup;
			children = (
				87B247C11E96C75D00A2EAA7 /* images */,
			);
			path = Resources;
			sourceTree = "<group>";
		};
		87B247C11E96C75D00A2EAA7 /* images */ = {
			isa = PBXGroup;
			children = (
				87B2481B1E97112200A2EAA7 /* whiteGlow-32x32.png */,
				87B2481E1E9711E600A2EAA7 /* yellowGlow-32x32.png */,
				87A3DAAF2450DDE300D772B9 /* earth-watch */,
				87B247C21E96C75D00A2EAA7 /* earth */,
			);
			path = images;
			sourceTree = "<group>";
		};
		87B247C21E96C75D00A2EAA7 /* earth */ = {
			isa = PBXGroup;
			children = (
				8714AC791E9803410069A8F1 /* earth-bump.png */,
				87E7370D244F83E500E7BC0F /* earth-emissive.jpg */,
				87A3DAA52450DCFD00D772B9 /* world-large.jpg */,
				87A3DAA62450DCFD00D772B9 /* world-ultra.jpg */,
				87A3DA9B2450DC7700D772B9 /* metalness.png */,
				87A3DA9C2450DC7700D772B9 /* roughness.png */,
				87ACA5751EC3BEA9002C6964 /* eso0932a_back.png */,
				87ACA5761EC3BEA9002C6964 /* eso0932a_bottom.png */,
				87ACA5771EC3BEA9002C6964 /* eso0932a_front.png */,
				87ACA5781EC3BEA9002C6964 /* eso0932a_left.png */,
				87ACA5791EC3BEA9002C6964 /* eso0932a_right.png */,
				87ACA57A1EC3BEA9002C6964 /* eso0932a_top.png */,
				87B247C51E96C75D00A2EAA7 /* earth-specular.jpg */,
			);
			path = earth;
			sourceTree = "<group>";
		};
		87B247D01E96D56F00A2EAA7 /* SwiftGlobe-MacOS */ = {
			isa = PBXGroup;
			children = (
				87B247D11E96D56F00A2EAA7 /* AppDelegate.swift */,
				87B247D31E96D56F00A2EAA7 /* ViewController.swift */,
				87B247D51E96D56F00A2EAA7 /* Assets.xcassets */,
				87B247D71E96D56F00A2EAA7 /* Main.storyboard */,
				87B247DA1E96D56F00A2EAA7 /* Info.plist */,
			);
			path = "SwiftGlobe-MacOS";
			sourceTree = "<group>";
		};
		87E736F0244F4BD600E7BC0F /* src */ = {
			isa = PBXGroup;
			children = (
				87B247FD1E96D5F700A2EAA7 /* SwiftGlobe.swift */,
				87E736F5244F528700E7BC0F /* SwiftGlobe+DemoMarkers.swift */,
				87E736F1244F4C2D00E7BC0F /* GlowingMarker.swift */,
				87B247C01E96C75D00A2EAA7 /* Resources */,
			);
			path = src;
			sourceTree = "<group>";
		};
		87E7373F244FAC9000E7BC0F /* SwiftGlobe-AR */ = {
			isa = PBXGroup;
			children = (
				87E73740244FAC9000E7BC0F /* AppDelegate.swift */,
				87E73742244FAC9000E7BC0F /* art.scnassets */,
				87E73744244FAC9000E7BC0F /* ViewController.swift */,
				87E73746244FAC9000E7BC0F /* Main.storyboard */,
				87E73749244FAC9400E7BC0F /* Assets.xcassets */,
				87E7374B244FAC9400E7BC0F /* LaunchScreen.storyboard */,
				87E7374E244FAC9400E7BC0F /* Info.plist */,
			);
			path = "SwiftGlobe-AR";
			sourceTree = "<group>";
		};
/* End PBXGroup section */

/* Begin PBXNativeTarget section */
		877FBC991E9D784200407209 /* SwiftGlobe-tvOS */ = {
			isa = PBXNativeTarget;
			buildConfigurationList = 877FBCA81E9D784200407209 /* Build configuration list for PBXNativeTarget "SwiftGlobe-tvOS" */;
			buildPhases = (
				877FBC961E9D784200407209 /* Sources */,
				877FBC971E9D784200407209 /* Frameworks */,
				877FBC981E9D784200407209 /* Resources */,
			);
			buildRules = (
			);
			dependencies = (
			);
			name = "SwiftGlobe-tvOS";
			productName = "SwiftGlobe-tvOS";
			productReference = 877FBC9A1E9D784200407209 /* SwiftGlobe-tvOS.app */;
			productType = "com.apple.product-type.application";
		};
		87AEE2912A327576000F4A34 /* SwiftGlobe-Watch */ = {
			isa = PBXNativeTarget;
			buildConfigurationList = 87AEE2A92A327578000F4A34 /* Build configuration list for PBXNativeTarget "SwiftGlobe-Watch" */;
			buildPhases = (
				87AEE2902A327576000F4A34 /* Resources */,
				87AEE2A82A327578000F4A34 /* Embed Watch Content */,
			);
			buildRules = (
			);
			dependencies = (
				87AEE29A2A327577000F4A34 /* PBXTargetDependency */,
			);
			name = "SwiftGlobe-Watch";
			productName = "SwiftGlobe-Watch";
			productReference = 87AEE2922A327576000F4A34 /* SwiftGlobe-Watch.app */;
			productType = "com.apple.product-type.application.watchapp2-container";
		};
		87AEE2962A327577000F4A34 /* SwiftGlobe-Watch Watch App */ = {
			isa = PBXNativeTarget;
			buildConfigurationList = 87AEE2A52A327578000F4A34 /* Build configuration list for PBXNativeTarget "SwiftGlobe-Watch Watch App" */;
			buildPhases = (
				87AEE2932A327577000F4A34 /* Sources */,
				87AEE2942A327577000F4A34 /* Frameworks */,
				87AEE2952A327577000F4A34 /* Resources */,
			);
			buildRules = (
			);
			dependencies = (
			);
			name = "SwiftGlobe-Watch Watch App";
			productName = "SwiftGlobe-Watch Watch App";
			productReference = 87AEE2972A327577000F4A34 /* SwiftGlobe-Watch Watch App.app */;
			productType = "com.apple.product-type.application";
		};
		87B2478E1E96C20B00A2EAA7 /* SwiftGlobe-iOS */ = {
			isa = PBXNativeTarget;
			buildConfigurationList = 87B247B71E96C20B00A2EAA7 /* Build configuration list for PBXNativeTarget "SwiftGlobe-iOS" */;
			buildPhases = (
				87B2478B1E96C20B00A2EAA7 /* Sources */,
				87B2478C1E96C20B00A2EAA7 /* Frameworks */,
				87B2478D1E96C20B00A2EAA7 /* Resources */,
			);
			buildRules = (
			);
			dependencies = (
			);
			name = "SwiftGlobe-iOS";
			productName = SwiftGlobe;
			productReference = 87B2478F1E96C20B00A2EAA7 /* SwiftGlobe-iOS.app */;
			productType = "com.apple.product-type.application";
		};
		87B247CE1E96D56F00A2EAA7 /* SwiftGlobe-MacOS */ = {
			isa = PBXNativeTarget;
			buildConfigurationList = 87B247F11E96D56F00A2EAA7 /* Build configuration list for PBXNativeTarget "SwiftGlobe-MacOS" */;
			buildPhases = (
				87B247CB1E96D56F00A2EAA7 /* Sources */,
				87B247CC1E96D56F00A2EAA7 /* Frameworks */,
				87B247CD1E96D56F00A2EAA7 /* Resources */,
			);
			buildRules = (
			);
			dependencies = (
			);
			name = "SwiftGlobe-MacOS";
			productName = "SwiftGlobe-MacOS";
			productReference = 87B247CF1E96D56F00A2EAA7 /* SwiftGlobe-MacOS.app */;
			productType = "com.apple.product-type.application";
		};
		87E7373D244FAC9000E7BC0F /* SwiftGlobe-AR */ = {
			isa = PBXNativeTarget;
			buildConfigurationList = 87E7374F244FAC9400E7BC0F /* Build configuration list for PBXNativeTarget "SwiftGlobe-AR" */;
			buildPhases = (
				87E7373A244FAC9000E7BC0F /* Sources */,
				87E7373B244FAC9000E7BC0F /* Frameworks */,
				87E7373C244FAC9000E7BC0F /* Resources */,
			);
			buildRules = (
			);
			dependencies = (
			);
			name = "SwiftGlobe-AR";
			productName = "SwiftGlobe-AR";
			productReference = 87E7373E244FAC9000E7BC0F /* SwiftGlobe-AR.app */;
			productType = "com.apple.product-type.application";
		};
/* End PBXNativeTarget section */

/* Begin PBXProject section */
		87B247871E96C20B00A2EAA7 /* Project object */ = {
			isa = PBXProject;
			attributes = {
				BuildIndependentTargetsInParallel = YES;
				LastSwiftUpdateCheck = 1430;
				LastUpgradeCheck = 1430;
				ORGANIZATIONNAME = "David Mojdehi";
				TargetAttributes = {
					877FBC991E9D784200407209 = {
						CreatedOnToolsVersion = 8.3.1;
						DevelopmentTeam = M7VHVW86G9;
						LastSwiftMigration = 0920;
						ProvisioningStyle = Automatic;
					};
					87AEE2912A327576000F4A34 = {
						CreatedOnToolsVersion = 14.3;
					};
					87AEE2962A327577000F4A34 = {
						CreatedOnToolsVersion = 14.3;
					};
					87B2478E1E96C20B00A2EAA7 = {
						CreatedOnToolsVersion = 8.2.1;
						DevelopmentTeam = M7VHVW86G9;
						LastSwiftMigration = 1140;
						ProvisioningStyle = Automatic;
					};
					87B247CE1E96D56F00A2EAA7 = {
						CreatedOnToolsVersion = 8.2.1;
						DevelopmentTeam = M7VHVW86G9;
						LastSwiftMigration = 0900;
						ProvisioningStyle = Automatic;
					};
					87E7373D244FAC9000E7BC0F = {
						CreatedOnToolsVersion = 11.4;
						DevelopmentTeam = M7VHVW86G9;
						ProvisioningStyle = Automatic;
					};
				};
			};
			buildConfigurationList = 87B2478A1E96C20B00A2EAA7 /* Build configuration list for PBXProject "SwiftGlobe" */;
			compatibilityVersion = "Xcode 3.2";
			developmentRegion = en;
			hasScannedForEncodings = 0;
			knownRegions = (
				en,
				Base,
			);
			mainGroup = 87B247861E96C20B00A2EAA7;
			productRefGroup = 87B247901E96C20B00A2EAA7 /* Products */;
			projectDirPath = "";
			projectRoot = "";
			targets = (
				87B2478E1E96C20B00A2EAA7 /* SwiftGlobe-iOS */,
				87B247CE1E96D56F00A2EAA7 /* SwiftGlobe-MacOS */,
				877FBC991E9D784200407209 /* SwiftGlobe-tvOS */,
				87E7373D244FAC9000E7BC0F /* SwiftGlobe-AR */,
				87AEE2912A327576000F4A34 /* SwiftGlobe-Watch */,
				87AEE2962A327577000F4A34 /* SwiftGlobe-Watch Watch App */,
			);
		};
/* End PBXProject section */

/* Begin PBXResourcesBuildPhase section */
		877FBC981E9D784200407209 /* Resources */ = {
			isa = PBXResourcesBuildPhase;
			buildActionMask = 2147483647;
			files = (
				87A3DAA92450DCFE00D772B9 /* world-large.jpg in Resources */,
				87ACA5801EC3BEA9002C6964 /* eso0932a_bottom.png in Resources */,
				87ACA5831EC3BEA9002C6964 /* eso0932a_front.png in Resources */,
				87ACA5861EC3BEA9002C6964 /* eso0932a_left.png in Resources */,
				87ACA57D1EC3BEA9002C6964 /* eso0932a_back.png in Resources */,
				87ACA5891EC3BEA9002C6964 /* eso0932a_right.png in Resources */,
				877FBCB21E9D79AA00407209 /* earth-specular.jpg in Resources */,
				87E73710244F83E500E7BC0F /* earth-emissive.jpg in Resources */,
				877FBCA41E9D784200407209 /* Assets.xcassets in Resources */,
				877FBCA21E9D784200407209 /* Main.storyboard in Resources */,
				877FBCAC1E9D79AA00407209 /* earth-bump.png in Resources */,
				87ACA58C1EC3BEA9002C6964 /* eso0932a_top.png in Resources */,
				877FBCAA1E9D79AA00407209 /* whiteGlow-32x32.png in Resources */,
				87A3DAAD2450DCFE00D772B9 /* world-ultra.jpg in Resources */,
				877FBCAB1E9D79AA00407209 /* yellowGlow-32x32.png in Resources */,
				87A3DAA32450DC7700D772B9 /* roughness.png in Resources */,
				87A3DA9F2450DC7700D772B9 /* metalness.png in Resources */,
			);
			runOnlyForDeploymentPostprocessing = 0;
		};
		87AEE2902A327576000F4A34 /* Resources */ = {
			isa = PBXResourcesBuildPhase;
			buildActionMask = 2147483647;
			files = (
			);
			runOnlyForDeploymentPostprocessing = 0;
		};
		87AEE2952A327577000F4A34 /* Resources */ = {
			isa = PBXResourcesBuildPhase;
			buildActionMask = 2147483647;
			files = (
				87AEE2B72A3277A4000F4A34 /* eso0932a_bottom.png in Resources */,
				87AEE2B32A3277A4000F4A34 /* eso0932a_right.png in Resources */,
				87AEE2B42A3277A4000F4A34 /* eso0932a_left.png in Resources */,
				87AEE2A42A327578000F4A34 /* Preview Assets.xcassets in Resources */,
				87AEE2B52A3277A4000F4A34 /* eso0932a_top.png in Resources */,
				87AEE2BA2A3277A4000F4A34 /* earth-specular.jpg in Resources */,
				87AEE2B82A3277A4000F4A34 /* earth-bump.png in Resources */,
				87AEE2B92A3277A4000F4A34 /* world-large.jpg in Resources */,
				87AEE2A12A327578000F4A34 /* Assets.xcassets in Resources */,
				87AEE2B12A3277A4000F4A34 /* eso0932a_back.png in Resources */,
				87AEE2AE2A3277A4000F4A34 /* roughness.png in Resources */,
				87AEE2AF2A3277A4000F4A34 /* eso0932a_front.png in Resources */,
				87AEE2B62A3277A4000F4A34 /* earth-emissive.jpg in Resources */,
				87AEE2B02A3277A4000F4A34 /* metalness.png in Resources */,
				87AEE2B22A3277A4000F4A34 /* world-ultra.jpg in Resources */,
			);
			runOnlyForDeploymentPostprocessing = 0;
		};
		87B2478D1E96C20B00A2EAA7 /* Resources */ = {
			isa = PBXResourcesBuildPhase;
			buildActionMask = 2147483647;
			files = (
				8714AC7D1E9803410069A8F1 /* earth-bump.png in Resources */,
				87ACA57B1EC3BEA9002C6964 /* eso0932a_back.png in Resources */,
				87ACA5841EC3BEA9002C6964 /* eso0932a_left.png in Resources */,
				87A3DAA12450DC7700D772B9 /* roughness.png in Resources */,
				87ACA57E1EC3BEA9002C6964 /* eso0932a_bottom.png in Resources */,
				87B2479D1E96C20B00A2EAA7 /* LaunchScreen.storyboard in Resources */,
				87ACA5871EC3BEA9002C6964 /* eso0932a_right.png in Resources */,
				87B2479A1E96C20B00A2EAA7 /* Assets.xcassets in Resources */,
				87B2481F1E9711E600A2EAA7 /* yellowGlow-32x32.png in Resources */,
				87A3DAAB2450DCFE00D772B9 /* world-ultra.jpg in Resources */,
				87A3DAA72450DCFE00D772B9 /* world-large.jpg in Resources */,
				87B247981E96C20B00A2EAA7 /* Main.storyboard in Resources */,
				87ACA5811EC3BEA9002C6964 /* eso0932a_front.png in Resources */,
				87B247C91E96C75D00A2EAA7 /* earth-specular.jpg in Resources */,
				87A3DA9D2450DC7700D772B9 /* metalness.png in Resources */,
				87B2481C1E97112200A2EAA7 /* whiteGlow-32x32.png in Resources */,
				87ACA58A1EC3BEA9002C6964 /* eso0932a_top.png in Resources */,
				87E7370E244F83E500E7BC0F /* earth-emissive.jpg in Resources */,
			);
			runOnlyForDeploymentPostprocessing = 0;
		};
		87B247CD1E96D56F00A2EAA7 /* Resources */ = {
			isa = PBXResourcesBuildPhase;
			buildActionMask = 2147483647;
			files = (
				87B247D61E96D56F00A2EAA7 /* Assets.xcassets in Resources */,
				87ACA57C1EC3BEA9002C6964 /* eso0932a_back.png in Resources */,
				87ACA5851EC3BEA9002C6964 /* eso0932a_left.png in Resources */,
				87A3DAA22450DC7700D772B9 /* roughness.png in Resources */,
				87ACA57F1EC3BEA9002C6964 /* eso0932a_bottom.png in Resources */,
				87B247FB1E96D5D700A2EAA7 /* earth-specular.jpg in Resources */,
				87B2481D1E97112200A2EAA7 /* whiteGlow-32x32.png in Resources */,
				87ACA5881EC3BEA9002C6964 /* eso0932a_right.png in Resources */,
				87A3DAAC2450DCFE00D772B9 /* world-ultra.jpg in Resources */,
				87A3DAA82450DCFE00D772B9 /* world-large.jpg in Resources */,
				87B248201E9711E600A2EAA7 /* yellowGlow-32x32.png in Resources */,
				87ACA5821EC3BEA9002C6964 /* eso0932a_front.png in Resources */,
				87B247D91E96D56F00A2EAA7 /* Main.storyboard in Resources */,
				87A3DA9E2450DC7700D772B9 /* metalness.png in Resources */,
				8714AC811E98034B0069A8F1 /* earth-bump.png in Resources */,
				87ACA58B1EC3BEA9002C6964 /* eso0932a_top.png in Resources */,
				87E7370F244F83E500E7BC0F /* earth-emissive.jpg in Resources */,
			);
			runOnlyForDeploymentPostprocessing = 0;
		};
		87E7373C244FAC9000E7BC0F /* Resources */ = {
			isa = PBXResourcesBuildPhase;
			buildActionMask = 2147483647;
			files = (
				87E73756244FAD0500E7BC0F /* earth-emissive.jpg in Resources */,
				87E73759244FAD0500E7BC0F /* eso0932a_back.png in Resources */,
				87E73743244FAC9000E7BC0F /* art.scnassets in Resources */,
				87A3DAAE2450DCFE00D772B9 /* world-ultra.jpg in Resources */,
				87E7375C244FAD0500E7BC0F /* eso0932a_left.png in Resources */,
				87E7375A244FAD0500E7BC0F /* eso0932a_bottom.png in Resources */,
				87A3DAA02450DC7700D772B9 /* metalness.png in Resources */,
				87A3DAAA2450DCFE00D772B9 /* world-large.jpg in Resources */,
				87E7374D244FAC9400E7BC0F /* LaunchScreen.storyboard in Resources */,
				87E7375D244FAD0500E7BC0F /* eso0932a_right.png in Resources */,
				87A3DAA42450DC7700D772B9 /* roughness.png in Resources */,
				87E7374A244FAC9400E7BC0F /* Assets.xcassets in Resources */,
				87E73752244FAD0500E7BC0F /* whiteGlow-32x32.png in Resources */,
				87E7375F244FAD0500E7BC0F /* earth-specular.jpg in Resources */,
				87E73754244FAD0500E7BC0F /* earth-bump.png in Resources */,
				87E73748244FAC9000E7BC0F /* Main.storyboard in Resources */,
				87E7375B244FAD0500E7BC0F /* eso0932a_front.png in Resources */,
				87E73753244FAD0500E7BC0F /* yellowGlow-32x32.png in Resources */,
				87E7375E244FAD0500E7BC0F /* eso0932a_top.png in Resources */,
			);
			runOnlyForDeploymentPostprocessing = 0;
		};
/* End PBXResourcesBuildPhase section */

/* Begin PBXSourcesBuildPhase section */
		877FBC961E9D784200407209 /* Sources */ = {
			isa = PBXSourcesBuildPhase;
			buildActionMask = 2147483647;
			files = (
				877FBCA91E9D789900407209 /* SwiftGlobe.swift in Sources */,
				87E736F8244F528700E7BC0F /* SwiftGlobe+DemoMarkers.swift in Sources */,
				877FBC9F1E9D784200407209 /* ViewController.swift in Sources */,
				877FBC9D1E9D784200407209 /* AppDelegate.swift in Sources */,
				87E736F4244F4C2D00E7BC0F /* GlowingMarker.swift in Sources */,
			);
			runOnlyForDeploymentPostprocessing = 0;
		};
		87AEE2932A327577000F4A34 /* Sources */ = {
			isa = PBXSourcesBuildPhase;
			buildActionMask = 2147483647;
			files = (
				87AEE2AC2A32762F000F4A34 /* SwiftGlobe.swift in Sources */,
				87AEE29F2A327577000F4A34 /* ContentView.swift in Sources */,
				87AEE29D2A327577000F4A34 /* SwiftGlobe_WatchApp.swift in Sources */,
				87AEE2AD2A327645000F4A34 /* GlowingMarker.swift in Sources */,
			);
			runOnlyForDeploymentPostprocessing = 0;
		};
		87B2478B1E96C20B00A2EAA7 /* Sources */ = {
			isa = PBXSourcesBuildPhase;
			buildActionMask = 2147483647;
			files = (
				87B247FE1E96D5F700A2EAA7 /* SwiftGlobe.swift in Sources */,
				87E736F6244F528700E7BC0F /* SwiftGlobe+DemoMarkers.swift in Sources */,
				87B247951E96C20B00A2EAA7 /* ViewController.swift in Sources */,
				87B247931E96C20B00A2EAA7 /* AppDelegate.swift in Sources */,
				87E736F2244F4C2D00E7BC0F /* GlowingMarker.swift in Sources */,
			);
			runOnlyForDeploymentPostprocessing = 0;
		};
		87B247CB1E96D56F00A2EAA7 /* Sources */ = {
			isa = PBXSourcesBuildPhase;
			buildActionMask = 2147483647;
			files = (
				87B247FF1E96D67900A2EAA7 /* SwiftGlobe.swift in Sources */,
				87E736F7244F528700E7BC0F /* SwiftGlobe+DemoMarkers.swift in Sources */,
				87B247D41E96D56F00A2EAA7 /* ViewController.swift in Sources */,
				87B247D21E96D56F00A2EAA7 /* AppDelegate.swift in Sources */,
				87E736F3244F4C2D00E7BC0F /* GlowingMarker.swift in Sources */,
			);
			runOnlyForDeploymentPostprocessing = 0;
		};
		87E7373A244FAC9000E7BC0F /* Sources */ = {
			isa = PBXSourcesBuildPhase;
			buildActionMask = 2147483647;
			files = (
				87E73760244FAF3A00E7BC0F /* SwiftGlobe.swift in Sources */,
				87E73762244FAF3A00E7BC0F /* GlowingMarker.swift in Sources */,
				87E73745244FAC9000E7BC0F /* ViewController.swift in Sources */,
				87E73761244FAF3A00E7BC0F /* SwiftGlobe+DemoMarkers.swift in Sources */,
				87E73741244FAC9000E7BC0F /* AppDelegate.swift in Sources */,
			);
			runOnlyForDeploymentPostprocessing = 0;
		};
/* End PBXSourcesBuildPhase section */

/* Begin PBXTargetDependency section */
		87AEE29A2A327577000F4A34 /* PBXTargetDependency */ = {
			isa = PBXTargetDependency;
			target = 87AEE2962A327577000F4A34 /* SwiftGlobe-Watch Watch App */;
			targetProxy = 87AEE2992A327577000F4A34 /* PBXContainerItemProxy */;
		};
/* End PBXTargetDependency section */

/* Begin PBXVariantGroup section */
		877FBCA01E9D784200407209 /* Main.storyboard */ = {
			isa = PBXVariantGroup;
			children = (
				877FBCA11E9D784200407209 /* Base */,
			);
			name = Main.storyboard;
			sourceTree = "<group>";
		};
		87B247961E96C20B00A2EAA7 /* Main.storyboard */ = {
			isa = PBXVariantGroup;
			children = (
				87B247971E96C20B00A2EAA7 /* Base */,
			);
			name = Main.storyboard;
			sourceTree = "<group>";
		};
		87B2479B1E96C20B00A2EAA7 /* LaunchScreen.storyboard */ = {
			isa = PBXVariantGroup;
			children = (
				87B2479C1E96C20B00A2EAA7 /* Base */,
			);
			name = LaunchScreen.storyboard;
			sourceTree = "<group>";
		};
		87B247D71E96D56F00A2EAA7 /* Main.storyboard */ = {
			isa = PBXVariantGroup;
			children = (
				87B247D81E96D56F00A2EAA7 /* Base */,
			);
			name = Main.storyboard;
			sourceTree = "<group>";
		};
		87E73746244FAC9000E7BC0F /* Main.storyboard */ = {
			isa = PBXVariantGroup;
			children = (
				87E73747244FAC9000E7BC0F /* Base */,
			);
			name = Main.storyboard;
			sourceTree = "<group>";
		};
		87E7374B244FAC9400E7BC0F /* LaunchScreen.storyboard */ = {
			isa = PBXVariantGroup;
			children = (
				87E7374C244FAC9400E7BC0F /* Base */,
			);
			name = LaunchScreen.storyboard;
			sourceTree = "<group>";
		};
/* End PBXVariantGroup section */

/* Begin XCBuildConfiguration section */
		877FBCA61E9D784200407209 /* Debug */ = {
			isa = XCBuildConfiguration;
			buildSettings = {
				ASSETCATALOG_COMPILER_APPICON_NAME = "App Icon & Top Shelf Image";
				ASSETCATALOG_COMPILER_LAUNCHIMAGE_NAME = LaunchImage;
				CLANG_ANALYZER_NUMBER_OBJECT_CONVERSION = YES_AGGRESSIVE;
				DEVELOPMENT_TEAM = M7VHVW86G9;
				INFOPLIST_FILE = "SwiftGlobe-tvOS/Info.plist";
				LD_RUNPATH_SEARCH_PATHS = (
					"$(inherited)",
					"@executable_path/Frameworks",
				);
				PRODUCT_BUNDLE_IDENTIFIER = "com.mindfulbear.SwiftGlobe-tvOS";
				PRODUCT_NAME = "$(TARGET_NAME)";
				SDKROOT = appletvos;
				SWIFT_SWIFT3_OBJC_INFERENCE = Off;
				SWIFT_VERSION = 5.0;
				TARGETED_DEVICE_FAMILY = 3;
				TVOS_DEPLOYMENT_TARGET = 15.0;
			};
			name = Debug;
		};
		877FBCA71E9D784200407209 /* Release */ = {
			isa = XCBuildConfiguration;
			buildSettings = {
				ASSETCATALOG_COMPILER_APPICON_NAME = "App Icon & Top Shelf Image";
				ASSETCATALOG_COMPILER_LAUNCHIMAGE_NAME = LaunchImage;
				CLANG_ANALYZER_NUMBER_OBJECT_CONVERSION = YES_AGGRESSIVE;
				DEVELOPMENT_TEAM = M7VHVW86G9;
				INFOPLIST_FILE = "SwiftGlobe-tvOS/Info.plist";
				LD_RUNPATH_SEARCH_PATHS = (
					"$(inherited)",
					"@executable_path/Frameworks",
				);
				PRODUCT_BUNDLE_IDENTIFIER = "com.mindfulbear.SwiftGlobe-tvOS";
				PRODUCT_NAME = "$(TARGET_NAME)";
				SDKROOT = appletvos;
				SWIFT_SWIFT3_OBJC_INFERENCE = Off;
				SWIFT_VERSION = 5.0;
				TARGETED_DEVICE_FAMILY = 3;
				TVOS_DEPLOYMENT_TARGET = 15.0;
			};
			name = Release;
		};
		87AEE2A62A327578000F4A34 /* Debug */ = {
			isa = XCBuildConfiguration;
			buildSettings = {
				ASSETCATALOG_COMPILER_APPICON_NAME = AppIcon;
				ASSETCATALOG_COMPILER_GLOBAL_ACCENT_COLOR_NAME = AccentColor;
				CLANG_ANALYZER_NUMBER_OBJECT_CONVERSION = YES_AGGRESSIVE;
				CLANG_CXX_LANGUAGE_STANDARD = "gnu++20";
				CLANG_ENABLE_OBJC_WEAK = YES;
				CLANG_WARN_UNGUARDED_AVAILABILITY = YES_AGGRESSIVE;
				CODE_SIGN_STYLE = Automatic;
				CURRENT_PROJECT_VERSION = 1;
				DEVELOPMENT_ASSET_PATHS = "\"SwiftGlobe-Watch Watch App/Preview Content\"";
				DEVELOPMENT_TEAM = M7VHVW86G9;
				ENABLE_PREVIEWS = YES;
				GCC_C_LANGUAGE_STANDARD = gnu11;
				GENERATE_INFOPLIST_FILE = YES;
				INFOPLIST_KEY_CFBundleDisplayName = "SwiftGlobe-Watch";
				INFOPLIST_KEY_UISupportedInterfaceOrientations = "UIInterfaceOrientationPortrait UIInterfaceOrientationPortraitUpsideDown";
				INFOPLIST_KEY_WKWatchOnly = YES;
				LD_RUNPATH_SEARCH_PATHS = (
					"$(inherited)",
					"@executable_path/Frameworks",
				);
				MARKETING_VERSION = 1.0;
				MTL_ENABLE_DEBUG_INFO = INCLUDE_SOURCE;
				MTL_FAST_MATH = YES;
				PRODUCT_BUNDLE_IDENTIFIER = "com.mindfulbear.SwiftGlobe-Watch.watchkitapp";
				PRODUCT_NAME = "$(TARGET_NAME)";
				SDKROOT = watchos;
				SKIP_INSTALL = YES;
				SWIFT_EMIT_LOC_STRINGS = YES;
				SWIFT_VERSION = 5.0;
				TARGETED_DEVICE_FAMILY = 4;
				WATCHOS_DEPLOYMENT_TARGET = 9.4;
			};
			name = Debug;
		};
		87AEE2A72A327578000F4A34 /* Release */ = {
			isa = XCBuildConfiguration;
			buildSettings = {
				ASSETCATALOG_COMPILER_APPICON_NAME = AppIcon;
				ASSETCATALOG_COMPILER_GLOBAL_ACCENT_COLOR_NAME = AccentColor;
				CLANG_ANALYZER_NUMBER_OBJECT_CONVERSION = YES_AGGRESSIVE;
				CLANG_CXX_LANGUAGE_STANDARD = "gnu++20";
				CLANG_ENABLE_OBJC_WEAK = YES;
				CLANG_WARN_UNGUARDED_AVAILABILITY = YES_AGGRESSIVE;
				CODE_SIGN_STYLE = Automatic;
				CURRENT_PROJECT_VERSION = 1;
				DEVELOPMENT_ASSET_PATHS = "\"SwiftGlobe-Watch Watch App/Preview Content\"";
				DEVELOPMENT_TEAM = M7VHVW86G9;
				ENABLE_PREVIEWS = YES;
				GCC_C_LANGUAGE_STANDARD = gnu11;
				GENERATE_INFOPLIST_FILE = YES;
				INFOPLIST_KEY_CFBundleDisplayName = "SwiftGlobe-Watch";
				INFOPLIST_KEY_UISupportedInterfaceOrientations = "UIInterfaceOrientationPortrait UIInterfaceOrientationPortraitUpsideDown";
				INFOPLIST_KEY_WKWatchOnly = YES;
				LD_RUNPATH_SEARCH_PATHS = (
					"$(inherited)",
					"@executable_path/Frameworks",
				);
				MARKETING_VERSION = 1.0;
				MTL_FAST_MATH = YES;
				PRODUCT_BUNDLE_IDENTIFIER = "com.mindfulbear.SwiftGlobe-Watch.watchkitapp";
				PRODUCT_NAME = "$(TARGET_NAME)";
				SDKROOT = watchos;
				SKIP_INSTALL = YES;
				SWIFT_EMIT_LOC_STRINGS = YES;
				SWIFT_VERSION = 5.0;
				TARGETED_DEVICE_FAMILY = 4;
				WATCHOS_DEPLOYMENT_TARGET = 9.4;
			};
			name = Release;
		};
		87AEE2AA2A327578000F4A34 /* Debug */ = {
			isa = XCBuildConfiguration;
			buildSettings = {
				ALWAYS_EMBED_SWIFT_STANDARD_LIBRARIES = YES;
				CLANG_ANALYZER_NUMBER_OBJECT_CONVERSION = YES_AGGRESSIVE;
				CLANG_CXX_LANGUAGE_STANDARD = "gnu++20";
				CLANG_ENABLE_OBJC_WEAK = YES;
				CLANG_WARN_UNGUARDED_AVAILABILITY = YES_AGGRESSIVE;
				CODE_SIGN_STYLE = Automatic;
				CURRENT_PROJECT_VERSION = 1;
				DEVELOPMENT_TEAM = M7VHVW86G9;
				GCC_C_LANGUAGE_STANDARD = gnu11;
				INFOPLIST_KEY_CFBundleDisplayName = "SwiftGlobe-Watch";
				MARKETING_VERSION = 1.0;
				MTL_ENABLE_DEBUG_INFO = INCLUDE_SOURCE;
				MTL_FAST_MATH = YES;
				PRODUCT_BUNDLE_IDENTIFIER = "com.mindfulbear.SwiftGlobe-Watch";
				PRODUCT_NAME = "$(TARGET_NAME)";
				SWIFT_VERSION = 5.0;
			};
			name = Debug;
		};
		87AEE2AB2A327578000F4A34 /* Release */ = {
			isa = XCBuildConfiguration;
			buildSettings = {
				ALWAYS_EMBED_SWIFT_STANDARD_LIBRARIES = YES;
				CLANG_ANALYZER_NUMBER_OBJECT_CONVERSION = YES_AGGRESSIVE;
				CLANG_CXX_LANGUAGE_STANDARD = "gnu++20";
				CLANG_ENABLE_OBJC_WEAK = YES;
				CLANG_WARN_UNGUARDED_AVAILABILITY = YES_AGGRESSIVE;
				CODE_SIGN_STYLE = Automatic;
				CURRENT_PROJECT_VERSION = 1;
				DEVELOPMENT_TEAM = M7VHVW86G9;
				GCC_C_LANGUAGE_STANDARD = gnu11;
				INFOPLIST_KEY_CFBundleDisplayName = "SwiftGlobe-Watch";
				MARKETING_VERSION = 1.0;
				MTL_FAST_MATH = YES;
				PRODUCT_BUNDLE_IDENTIFIER = "com.mindfulbear.SwiftGlobe-Watch";
				PRODUCT_NAME = "$(TARGET_NAME)";
				SWIFT_VERSION = 5.0;
			};
			name = Release;
		};
		87B247B51E96C20B00A2EAA7 /* Debug */ = {
			isa = XCBuildConfiguration;
			buildSettings = {
				ALWAYS_SEARCH_USER_PATHS = NO;
				CLANG_ANALYZER_LOCALIZABILITY_NONLOCALIZED = YES;
				CLANG_ANALYZER_NONNULL = YES;
				CLANG_CXX_LANGUAGE_STANDARD = "gnu++0x";
				CLANG_CXX_LIBRARY = "libc++";
				CLANG_ENABLE_MODULES = YES;
				CLANG_ENABLE_OBJC_ARC = YES;
				CLANG_WARN_BLOCK_CAPTURE_AUTORELEASING = YES;
				CLANG_WARN_BOOL_CONVERSION = YES;
				CLANG_WARN_COMMA = YES;
				CLANG_WARN_CONSTANT_CONVERSION = YES;
				CLANG_WARN_DEPRECATED_OBJC_IMPLEMENTATIONS = YES;
				CLANG_WARN_DIRECT_OBJC_ISA_USAGE = YES_ERROR;
				CLANG_WARN_DOCUMENTATION_COMMENTS = YES;
				CLANG_WARN_EMPTY_BODY = YES;
				CLANG_WARN_ENUM_CONVERSION = YES;
				CLANG_WARN_INFINITE_RECURSION = YES;
				CLANG_WARN_INT_CONVERSION = YES;
				CLANG_WARN_NON_LITERAL_NULL_CONVERSION = YES;
				CLANG_WARN_OBJC_IMPLICIT_RETAIN_SELF = YES;
				CLANG_WARN_OBJC_LITERAL_CONVERSION = YES;
				CLANG_WARN_OBJC_ROOT_CLASS = YES_ERROR;
				CLANG_WARN_QUOTED_INCLUDE_IN_FRAMEWORK_HEADER = YES;
				CLANG_WARN_RANGE_LOOP_ANALYSIS = YES;
				CLANG_WARN_STRICT_PROTOTYPES = YES;
				CLANG_WARN_SUSPICIOUS_MOVE = YES;
				CLANG_WARN_UNREACHABLE_CODE = YES;
				CLANG_WARN__DUPLICATE_METHOD_MATCH = YES;
				"CODE_SIGN_IDENTITY[sdk=iphoneos*]" = "iPhone Developer";
				COPY_PHASE_STRIP = NO;
				DEBUG_INFORMATION_FORMAT = dwarf;
				ENABLE_STRICT_OBJC_MSGSEND = YES;
				ENABLE_TESTABILITY = YES;
				GCC_C_LANGUAGE_STANDARD = gnu99;
				GCC_DYNAMIC_NO_PIC = NO;
				GCC_NO_COMMON_BLOCKS = YES;
				GCC_OPTIMIZATION_LEVEL = 0;
				GCC_PREPROCESSOR_DEFINITIONS = (
					"DEBUG=1",
					"$(inherited)",
				);
				GCC_WARN_64_TO_32_BIT_CONVERSION = YES;
				GCC_WARN_ABOUT_RETURN_TYPE = YES_ERROR;
				GCC_WARN_UNDECLARED_SELECTOR = YES;
				GCC_WARN_UNINITIALIZED_AUTOS = YES_AGGRESSIVE;
				GCC_WARN_UNUSED_FUNCTION = YES;
				GCC_WARN_UNUSED_VARIABLE = YES;
				IPHONEOS_DEPLOYMENT_TARGET = 13.0;
				MTL_ENABLE_DEBUG_INFO = YES;
				ONLY_ACTIVE_ARCH = YES;
				SDKROOT = iphoneos;
				SWIFT_ACTIVE_COMPILATION_CONDITIONS = DEBUG;
				SWIFT_OPTIMIZATION_LEVEL = "-Onone";
				TARGETED_DEVICE_FAMILY = "1,2";
			};
			name = Debug;
		};
		87B247B61E96C20B00A2EAA7 /* Release */ = {
			isa = XCBuildConfiguration;
			buildSettings = {
				ALWAYS_SEARCH_USER_PATHS = NO;
				CLANG_ANALYZER_LOCALIZABILITY_NONLOCALIZED = YES;
				CLANG_ANALYZER_NONNULL = YES;
				CLANG_CXX_LANGUAGE_STANDARD = "gnu++0x";
				CLANG_CXX_LIBRARY = "libc++";
				CLANG_ENABLE_MODULES = YES;
				CLANG_ENABLE_OBJC_ARC = YES;
				CLANG_WARN_BLOCK_CAPTURE_AUTORELEASING = YES;
				CLANG_WARN_BOOL_CONVERSION = YES;
				CLANG_WARN_COMMA = YES;
				CLANG_WARN_CONSTANT_CONVERSION = YES;
				CLANG_WARN_DEPRECATED_OBJC_IMPLEMENTATIONS = YES;
				CLANG_WARN_DIRECT_OBJC_ISA_USAGE = YES_ERROR;
				CLANG_WARN_DOCUMENTATION_COMMENTS = YES;
				CLANG_WARN_EMPTY_BODY = YES;
				CLANG_WARN_ENUM_CONVERSION = YES;
				CLANG_WARN_INFINITE_RECURSION = YES;
				CLANG_WARN_INT_CONVERSION = YES;
				CLANG_WARN_NON_LITERAL_NULL_CONVERSION = YES;
				CLANG_WARN_OBJC_IMPLICIT_RETAIN_SELF = YES;
				CLANG_WARN_OBJC_LITERAL_CONVERSION = YES;
				CLANG_WARN_OBJC_ROOT_CLASS = YES_ERROR;
				CLANG_WARN_QUOTED_INCLUDE_IN_FRAMEWORK_HEADER = YES;
				CLANG_WARN_RANGE_LOOP_ANALYSIS = YES;
				CLANG_WARN_STRICT_PROTOTYPES = YES;
				CLANG_WARN_SUSPICIOUS_MOVE = YES;
				CLANG_WARN_UNREACHABLE_CODE = YES;
				CLANG_WARN__DUPLICATE_METHOD_MATCH = YES;
				"CODE_SIGN_IDENTITY[sdk=iphoneos*]" = "iPhone Developer";
				COPY_PHASE_STRIP = NO;
				DEBUG_INFORMATION_FORMAT = "dwarf-with-dsym";
				ENABLE_NS_ASSERTIONS = NO;
				ENABLE_STRICT_OBJC_MSGSEND = YES;
				GCC_C_LANGUAGE_STANDARD = gnu99;
				GCC_NO_COMMON_BLOCKS = YES;
				GCC_WARN_64_TO_32_BIT_CONVERSION = YES;
				GCC_WARN_ABOUT_RETURN_TYPE = YES_ERROR;
				GCC_WARN_UNDECLARED_SELECTOR = YES;
				GCC_WARN_UNINITIALIZED_AUTOS = YES_AGGRESSIVE;
				GCC_WARN_UNUSED_FUNCTION = YES;
				GCC_WARN_UNUSED_VARIABLE = YES;
				IPHONEOS_DEPLOYMENT_TARGET = 13.0;
				MTL_ENABLE_DEBUG_INFO = NO;
				SDKROOT = iphoneos;
				SWIFT_COMPILATION_MODE = wholemodule;
				SWIFT_OPTIMIZATION_LEVEL = "-O";
				TARGETED_DEVICE_FAMILY = "1,2";
				VALIDATE_PRODUCT = YES;
			};
			name = Release;
		};
		87B247B81E96C20B00A2EAA7 /* Debug */ = {
			isa = XCBuildConfiguration;
			buildSettings = {
				ASSETCATALOG_COMPILER_APPICON_NAME = AppIcon;
				DEVELOPMENT_TEAM = M7VHVW86G9;
				INFOPLIST_FILE = "SwiftGlobe-iOS/Info.plist";
				IPHONEOS_DEPLOYMENT_TARGET = 15.0;
				LD_RUNPATH_SEARCH_PATHS = (
					"$(inherited)",
					"@executable_path/Frameworks",
				);
				PRODUCT_BUNDLE_IDENTIFIER = "com.mindfulbear.SwiftGlobe-iOS";
				PRODUCT_NAME = "$(TARGET_NAME)";
				SWIFT_SWIFT3_OBJC_INFERENCE = Off;
				SWIFT_VERSION = 5.0;
			};
			name = Debug;
		};
		87B247B91E96C20B00A2EAA7 /* Release */ = {
			isa = XCBuildConfiguration;
			buildSettings = {
				ASSETCATALOG_COMPILER_APPICON_NAME = AppIcon;
				DEVELOPMENT_TEAM = M7VHVW86G9;
				INFOPLIST_FILE = "SwiftGlobe-iOS/Info.plist";
				IPHONEOS_DEPLOYMENT_TARGET = 15.0;
				LD_RUNPATH_SEARCH_PATHS = (
					"$(inherited)",
					"@executable_path/Frameworks",
				);
				PRODUCT_BUNDLE_IDENTIFIER = "com.mindfulbear.SwiftGlobe-iOS";
				PRODUCT_NAME = "$(TARGET_NAME)";
				SWIFT_SWIFT3_OBJC_INFERENCE = Off;
				SWIFT_VERSION = 5.0;
			};
			name = Release;
		};
		87B247F21E96D56F00A2EAA7 /* Debug */ = {
			isa = XCBuildConfiguration;
			buildSettings = {
				ASSETCATALOG_COMPILER_APPICON_NAME = AppIcon;
				CODE_SIGN_IDENTITY = "Mac Developer";
				COMBINE_HIDPI_IMAGES = YES;
				DEAD_CODE_STRIPPING = YES;
				DEVELOPMENT_TEAM = M7VHVW86G9;
				ENABLE_HARDENED_RUNTIME = YES;
				INFOPLIST_FILE = "SwiftGlobe-MacOS/Info.plist";
				LD_RUNPATH_SEARCH_PATHS = (
					"$(inherited)",
					"@executable_path/../Frameworks",
				);
				MACOSX_DEPLOYMENT_TARGET = 12.0;
				PRODUCT_BUNDLE_IDENTIFIER = "com.mindfulbear.SwiftGlobe-MacOS";
				PRODUCT_NAME = "$(TARGET_NAME)";
				SDKROOT = macosx;
				SWIFT_SWIFT3_OBJC_INFERENCE = Off;
				SWIFT_VERSION = 5.0;
			};
			name = Debug;
		};
		87B247F31E96D56F00A2EAA7 /* Release */ = {
			isa = XCBuildConfiguration;
			buildSettings = {
				ASSETCATALOG_COMPILER_APPICON_NAME = AppIcon;
				CODE_SIGN_IDENTITY = "Mac Developer";
				COMBINE_HIDPI_IMAGES = YES;
				DEAD_CODE_STRIPPING = YES;
				DEVELOPMENT_TEAM = M7VHVW86G9;
				ENABLE_HARDENED_RUNTIME = YES;
				INFOPLIST_FILE = "SwiftGlobe-MacOS/Info.plist";
				LD_RUNPATH_SEARCH_PATHS = (
					"$(inherited)",
					"@executable_path/../Frameworks",
				);
				MACOSX_DEPLOYMENT_TARGET = 12.0;
				PRODUCT_BUNDLE_IDENTIFIER = "com.mindfulbear.SwiftGlobe-MacOS";
				PRODUCT_NAME = "$(TARGET_NAME)";
				SDKROOT = macosx;
				SWIFT_SWIFT3_OBJC_INFERENCE = Off;
				SWIFT_VERSION = 5.0;
			};
			name = Release;
		};
		87E73750244FAC9400E7BC0F /* Debug */ = {
			isa = XCBuildConfiguration;
			buildSettings = {
				ASSETCATALOG_COMPILER_APPICON_NAME = AppIcon;
				CLANG_ANALYZER_NUMBER_OBJECT_CONVERSION = YES_AGGRESSIVE;
				CLANG_CXX_LANGUAGE_STANDARD = "gnu++14";
				CLANG_ENABLE_OBJC_WEAK = YES;
				CLANG_WARN_UNGUARDED_AVAILABILITY = YES_AGGRESSIVE;
				CODE_SIGN_STYLE = Automatic;
				DEVELOPMENT_TEAM = M7VHVW86G9;
				GCC_C_LANGUAGE_STANDARD = gnu11;
				INFOPLIST_FILE = "SwiftGlobe-AR/Info.plist";
				IPHONEOS_DEPLOYMENT_TARGET = 13.0;
				LD_RUNPATH_SEARCH_PATHS = (
					"$(inherited)",
					"@executable_path/Frameworks",
				);
				MTL_ENABLE_DEBUG_INFO = INCLUDE_SOURCE;
				MTL_FAST_MATH = YES;
				PRODUCT_BUNDLE_IDENTIFIER = "com.mindfulbear.SwiftGlobe-AR";
				PRODUCT_NAME = "$(TARGET_NAME)";
				SWIFT_VERSION = 5.0;
				TARGETED_DEVICE_FAMILY = "1,2";
			};
			name = Debug;
		};
		87E73751244FAC9400E7BC0F /* Release */ = {
			isa = XCBuildConfiguration;
			buildSettings = {
				ASSETCATALOG_COMPILER_APPICON_NAME = AppIcon;
				CLANG_ANALYZER_NUMBER_OBJECT_CONVERSION = YES_AGGRESSIVE;
				CLANG_CXX_LANGUAGE_STANDARD = "gnu++14";
				CLANG_ENABLE_OBJC_WEAK = YES;
				CLANG_WARN_UNGUARDED_AVAILABILITY = YES_AGGRESSIVE;
				CODE_SIGN_STYLE = Automatic;
				DEVELOPMENT_TEAM = M7VHVW86G9;
				GCC_C_LANGUAGE_STANDARD = gnu11;
				INFOPLIST_FILE = "SwiftGlobe-AR/Info.plist";
				IPHONEOS_DEPLOYMENT_TARGET = 13.0;
				LD_RUNPATH_SEARCH_PATHS = (
					"$(inherited)",
					"@executable_path/Frameworks",
				);
				MTL_FAST_MATH = YES;
				PRODUCT_BUNDLE_IDENTIFIER = "com.mindfulbear.SwiftGlobe-AR";
				PRODUCT_NAME = "$(TARGET_NAME)";
				SWIFT_VERSION = 5.0;
				TARGETED_DEVICE_FAMILY = "1,2";
			};
			name = Release;
		};
/* End XCBuildConfiguration section */

/* Begin XCConfigurationList section */
		877FBCA81E9D784200407209 /* Build configuration list for PBXNativeTarget "SwiftGlobe-tvOS" */ = {
			isa = XCConfigurationList;
			buildConfigurations = (
				877FBCA61E9D784200407209 /* Debug */,
				877FBCA71E9D784200407209 /* Release */,
			);
			defaultConfigurationIsVisible = 0;
			defaultConfigurationName = Release;
		};
		87AEE2A52A327578000F4A34 /* Build configuration list for PBXNativeTarget "SwiftGlobe-Watch Watch App" */ = {
			isa = XCConfigurationList;
			buildConfigurations = (
				87AEE2A62A327578000F4A34 /* Debug */,
				87AEE2A72A327578000F4A34 /* Release */,
			);
			defaultConfigurationIsVisible = 0;
			defaultConfigurationName = Release;
		};
		87AEE2A92A327578000F4A34 /* Build configuration list for PBXNativeTarget "SwiftGlobe-Watch" */ = {
			isa = XCConfigurationList;
			buildConfigurations = (
				87AEE2AA2A327578000F4A34 /* Debug */,
				87AEE2AB2A327578000F4A34 /* Release */,
			);
			defaultConfigurationIsVisible = 0;
			defaultConfigurationName = Release;
		};
		87B2478A1E96C20B00A2EAA7 /* Build configuration list for PBXProject "SwiftGlobe" */ = {
			isa = XCConfigurationList;
			buildConfigurations = (
				87B247B51E96C20B00A2EAA7 /* Debug */,
				87B247B61E96C20B00A2EAA7 /* Release */,
			);
			defaultConfigurationIsVisible = 0;
			defaultConfigurationName = Release;
		};
		87B247B71E96C20B00A2EAA7 /* Build configuration list for PBXNativeTarget "SwiftGlobe-iOS" */ = {
			isa = XCConfigurationList;
			buildConfigurations = (
				87B247B81E96C20B00A2EAA7 /* Debug */,
				87B247B91E96C20B00A2EAA7 /* Release */,
			);
			defaultConfigurationIsVisible = 0;
			defaultConfigurationName = Release;
		};
		87B247F11E96D56F00A2EAA7 /* Build configuration list for PBXNativeTarget "SwiftGlobe-MacOS" */ = {
			isa = XCConfigurationList;
			buildConfigurations = (
				87B247F21E96D56F00A2EAA7 /* Debug */,
				87B247F31E96D56F00A2EAA7 /* Release */,
			);
			defaultConfigurationIsVisible = 0;
			defaultConfigurationName = Release;
		};
		87E7374F244FAC9400E7BC0F /* Build configuration list for PBXNativeTarget "SwiftGlobe-AR" */ = {
			isa = XCConfigurationList;
			buildConfigurations = (
				87E73750244FAC9400E7BC0F /* Debug */,
				87E73751244FAC9400E7BC0F /* Release */,
			);
			defaultConfigurationIsVisible = 0;
			defaultConfigurationName = Release;
		};
/* End XCConfigurationList section */
	};
	rootObject = 87B247871E96C20B00A2EAA7 /* Project object */;
}
